
Microsoft Visual Studio Solution File, Format Version 12.00
# Visual Studio Version 16
VisualStudioVersion = 16.0.30804.86
MinimumVisualStudioVersion = 10.0.40219.1
Project("{FAE04EC0-301F-11D3-BF4B-00C04F79EFBC}") = "INFS734-Ofori-Assignment", "INFS734-Ofori-Assignment\INFS734-Ofori-Assignment.csproj", "{270A9C45-6070-4796-89A6-C033DDF2ED6D}"
EndProject
Global
	GlobalSection(SolutionConfigurationPlatforms) = preSolution
		Debug|Any CPU = Debug|Any CPU
		Release|Any CPU = Release|Any CPU
	EndGlobalSection
	GlobalSection(ProjectConfigurationPlatforms) = postSolution
		{270A9C45-6070-4796-89A6-C033DDF2ED6D}.Debug|Any CPU.ActiveCfg = Debug|Any CPU
		{270A9C45-6070-4796-89A6-C033DDF2ED6D}.Debug|Any CPU.Build.0 = Debug|Any CPU
		{270A9C45-6070-4796-89A6-C033DDF2ED6D}.Release|Any CPU.ActiveCfg = Release|Any CPU
		{270A9C45-6070-4796-89A6-C033DDF2ED6D}.Release|Any CPU.Build.0 = Release|Any CPU
	EndGlobalSection
	GlobalSection(SolutionProperties) = preSolution
		HideSolutionNode = FALSE
	EndGlobalSection
	GlobalSection(ExtensibilityGlobals) = postSolution
		SolutionGuid = {32252158-B899-455A-9D82-F489DF1E68F8}
	EndGlobalSection
EndGlobal
